
Microsoft Visual Studio Solution File, Format Version 12.00
# Visual Studio Version 16
VisualStudioVersion = 16.0.31729.503
MinimumVisualStudioVersion = 10.0.40219.1
Project("{FAE04EC0-301F-11D3-BF4B-00C04F79EFBC}") = "ConsoleApp2", "ConsoleApp2.csproj", "{221F8BB9-2B78-4509-90C7-87BF6D99B030}"
EndProject
Global
	GlobalSection(SolutionConfigurationPlatforms) = preSolution
		Debug|Any CPU = Debug|Any CPU
		Release|Any CPU = Release|Any CPU
	EndGlobalSection
	GlobalSection(ProjectConfigurationPlatforms) = postSolution
		{221F8BB9-2B78-4509-90C7-87BF6D99B030}.Debug|Any CPU.ActiveCfg = Debug|Any CPU
		{221F8BB9-2B78-4509-90C7-87BF6D99B030}.Debug|Any CPU.Build.0 = Debug|Any CPU
		{221F8BB9-2B78-4509-90C7-87BF6D99B030}.Release|Any CPU.ActiveCfg = Release|Any CPU
		{221F8BB9-2B78-4509-90C7-87BF6D99B030}.Release|Any CPU.Build.0 = Release|Any CPU
	EndGlobalSection
	GlobalSection(SolutionProperties) = preSolution
		HideSolutionNode = FALSE
	EndGlobalSection
	GlobalSection(ExtensibilityGlobals) = postSolution
		SolutionGuid = {1159A264-457C-433C-BB70-4883010F8ACF}
	EndGlobalSection
EndGlobal
